
Microsoft Visual Studio Solution File, Format Version 12.00
# Visual Studio Version 16
VisualStudioVersion = 16.0.31911.196
MinimumVisualStudioVersion = 10.0.40219.1
Project("{FAE04EC0-301F-11D3-BF4B-00C04F79EFBC}") = "SpringLibrary", "SpringLibrary\SpringLibrary.csproj", "{5AF25591-F90D-4645-91E3-B31D9081ACA1}"
EndProject
Global
	GlobalSection(SolutionConfigurationPlatforms) = preSolution
		Debug|Any CPU = Debug|Any CPU
		Release|Any CPU = Release|Any CPU
	EndGlobalSection
	GlobalSection(ProjectConfigurationPlatforms) = postSolution
		{5AF25591-F90D-4645-91E3-B31D9081ACA1}.Debug|Any CPU.ActiveCfg = Debug|Any CPU
		{5AF25591-F90D-4645-91E3-B31D9081ACA1}.Debug|Any CPU.Build.0 = Debug|Any CPU
		{5AF25591-F90D-4645-91E3-B31D9081ACA1}.Release|Any CPU.ActiveCfg = Release|Any CPU
		{5AF25591-F90D-4645-91E3-B31D9081ACA1}.Release|Any CPU.Build.0 = Release|Any CPU
	EndGlobalSection
	GlobalSection(SolutionProperties) = preSolution
		HideSolutionNode = FALSE
	EndGlobalSection
	GlobalSection(ExtensibilityGlobals) = postSolution
		SolutionGuid = {260340BC-D457-48D8-AEDB-ED2B24FCC98A}
	EndGlobalSection
EndGlobal
